{
  "requires": true,
  "lockfileVersion": 1,
  "dependencies": {
    "frappe-charts": {
      "version": "1.5.6",
      "resolved": "https://registry.npmjs.org/frappe-charts/-/frappe-charts-1.5.6.tgz",
      "integrity": "sha512-1OWqF7ijDba+Nlei/CjXSORYlUm+/M0oeVOP3Yu7R2bLBDc5GYkFSHGVx13XavuCxDoOPEJZMRgRK6GUAuB8FQ=="
    }
  }
}
